
Microsoft Visual Studio Solution File, Format Version 12.00
# Visual Studio Version 17
VisualStudioVersion = 17.11.35327.3
MinimumVisualStudioVersion = 10.0.40219.1
Project("{FAE04EC0-301F-11D3-BF4B-00C04F79EFBC}") = "GestionReservasHotel", "GestionReservasHotel\GestionReservasHotel.csproj", "{69BB5DA7-C4CE-464E-9EA4-2AC1622C337E}"
EndProject
Global
	GlobalSection(SolutionConfigurationPlatforms) = preSolution
		Debug|Any CPU = Debug|Any CPU
		Release|Any CPU = Release|Any CPU
	EndGlobalSection
	GlobalSection(ProjectConfigurationPlatforms) = postSolution
		{69BB5DA7-C4CE-464E-9EA4-2AC1622C337E}.Debug|Any CPU.ActiveCfg = Debug|Any CPU
		{69BB5DA7-C4CE-464E-9EA4-2AC1622C337E}.Debug|Any CPU.Build.0 = Debug|Any CPU
		{69BB5DA7-C4CE-464E-9EA4-2AC1622C337E}.Release|Any CPU.ActiveCfg = Release|Any CPU
		{69BB5DA7-C4CE-464E-9EA4-2AC1622C337E}.Release|Any CPU.Build.0 = Release|Any CPU
	EndGlobalSection
	GlobalSection(SolutionProperties) = preSolution
		HideSolutionNode = FALSE
	EndGlobalSection
	GlobalSection(ExtensibilityGlobals) = postSolution
		SolutionGuid = {0679E697-9788-4690-835F-DA70C792279E}
	EndGlobalSection
EndGlobal
